{
  "version": 4,
  "terraform_version": "1.3.7",
  "serial": 37,
  "lineage": "ed847232-6737-dd28-68c0-9b68a09358f7",
  "outputs": {
    "backend-private-ip": {
      "value": "10.1.4.41",
      "type": "string"
    },
    "frontend-public-ip": {
      "value": "44.203.28.246",
      "type": "string"
    }
  },
  "resources": [
    {
      "mode": "managed",
      "type": "aws_db_instance",
      "name": "mysql",
      "provider": "provider[\"registry.terraform.io/hashicorp/aws\"]",
      "instances": [
        {
          "schema_version": 1,
          "attributes": {
            "address": "terraform-20230520122421088200000002.cidgpf3dfrze.us-east-1.rds.amazonaws.com",
            "allocated_storage": 10,
            "allow_major_version_upgrade": null,
            "apply_immediately": false,
            "arn": "arn:aws:rds:us-east-1:419740680543:db:terraform-20230520122421088200000002",
            "auto_minor_version_upgrade": true,
            "availability_zone": "us-east-1a",
            "backup_retention_period": 0,
            "backup_window": "04:04-04:34",
            "blue_green_update": [],
            "ca_cert_identifier": "rds-ca-2019",
            "character_set_name": "",
            "copy_tags_to_snapshot": false,
            "custom_iam_instance_profile": "",
            "customer_owned_ip_enabled": false,
            "db_name": "demords",
            "db_subnet_group_name": "db-subnetgroup",
            "delete_automated_backups": true,
            "deletion_protection": false,
            "domain": "",
            "domain_iam_role_name": "",
            "enabled_cloudwatch_logs_exports": [],
            "endpoint": "terraform-20230520122421088200000002.cidgpf3dfrze.us-east-1.rds.amazonaws.com:3306",
            "engine": "mysql",
            "engine_version": "5.7",
            "engine_version_actual": "5.7.41",
            "final_snapshot_identifier": null,
            "hosted_zone_id": "Z2R2ITUGPM61AM",
            "iam_database_authentication_enabled": false,
            "id": "terraform-20230520122421088200000002",
            "identifier": "terraform-20230520122421088200000002",
            "identifier_prefix": "terraform-",
            "instance_class": "db.t3.micro",
            "iops": 0,
            "kms_key_id": "",
            "latest_restorable_time": "",
            "license_model": "general-public-license",
            "listener_endpoint": [],
            "maintenance_window": "fri:07:17-fri:07:47",
            "manage_master_user_password": null,
            "master_user_secret": [],
            "master_user_secret_kms_key_id": null,
            "max_allocated_storage": 0,
            "monitoring_interval": 0,
            "monitoring_role_arn": "",
            "multi_az": false,
            "name": "demords",
            "nchar_character_set_name": "",
            "network_type": "IPV4",
            "option_group_name": "default:mysql-5-7",
            "parameter_group_name": "default.mysql5.7",
            "password": "9573972811Mahi",
            "performance_insights_enabled": false,
            "performance_insights_kms_key_id": "",
            "performance_insights_retention_period": 0,
            "port": 3306,
            "publicly_accessible": false,
            "replica_mode": "",
            "replicas": [],
            "replicate_source_db": "",
            "resource_id": "db-5KO52MJJW3DW7M4RRERIE4QP2Q",
            "restore_to_point_in_time": [],
            "s3_import": [],
            "security_group_names": [],
            "skip_final_snapshot": true,
            "snapshot_identifier": null,
            "status": "available",
            "storage_encrypted": false,
            "storage_throughput": 0,
            "storage_type": "gp2",
            "tags": {
              "Name": "dev-rds"
            },
            "tags_all": {
              "Name": "dev-rds"
            },
            "timeouts": null,
            "timezone": "",
            "username": "devapiuser",
            "vpc_security_group_ids": [
              "sg-00c465fcb99fa5444"
            ]
          },
          "sensitive_attributes": [],
          "private": "eyJlMmJmYjczMC1lY2FhLTExZTYtOGY4OC0zNDM2M2JjN2M0YzAiOnsiY3JlYXRlIjoyNDAwMDAwMDAwMDAwLCJkZWxldGUiOjM2MDAwMDAwMDAwMDAsInVwZGF0ZSI6NDgwMDAwMDAwMDAwMH0sInNjaGVtYV92ZXJzaW9uIjoiMSJ9",
          "dependencies": [
            "aws_db_subnet_group.db-subnetgroup",
            "aws_security_group.backend-sg",
            "aws_security_group.frontend",
            "aws_security_group.rds",
            "aws_subnet.datasubnets",
            "aws_vpc.demo"
          ]
        }
      ]
    },
    {
      "mode": "managed",
      "type": "aws_db_subnet_group",
      "name": "db-subnetgroup",
      "provider": "provider[\"registry.terraform.io/hashicorp/aws\"]",
      "instances": [
        {
          "schema_version": 0,
          "attributes": {
            "arn": "arn:aws:rds:us-east-1:419740680543:subgrp:db-subnetgroup",
            "description": "Managed by Terraform",
            "id": "db-subnetgroup",
            "name": "db-subnetgroup",
            "name_prefix": "",
            "subnet_ids": [
              "subnet-0dd15e2885c634836",
              "subnet-0e004505c2563c404",
              "subnet-0e136989357a57205"
            ],
            "supported_network_types": [
              "IPV4"
            ],
            "tags": {
              "Name": "dev-rdssubnet-group"
            },
            "tags_all": {
              "Name": "dev-rdssubnet-group"
            },
            "vpc_id": "vpc-06fc52902b5514f9d"
          },
          "sensitive_attributes": [],
          "private": "bnVsbA==",
          "dependencies": [
            "aws_subnet.datasubnets",
            "aws_vpc.demo"
          ]
        }
      ]
    },
    {
      "mode": "managed",
      "type": "aws_eip",
      "name": "nateip",
      "provider": "provider[\"registry.terraform.io/hashicorp/aws\"]",
      "instances": [
        {
          "schema_version": 0,
          "attributes": {
            "address": null,
            "allocation_id": "eipalloc-094e85614f36b59ae",
            "associate_with_private_ip": null,
            "association_id": "eipassoc-04cb5802adbbba64c",
            "carrier_ip": "",
            "customer_owned_ip": "",
            "customer_owned_ipv4_pool": "",
            "domain": "vpc",
            "id": "eipalloc-094e85614f36b59ae",
            "instance": "",
            "network_border_group": "us-east-1",
            "network_interface": "eni-00262e5823ebf492d",
            "private_dns": "ip-10-1-0-110.ec2.internal",
            "private_ip": "10.1.0.110",
            "public_dns": "ec2-34-231-214-86.compute-1.amazonaws.com",
            "public_ip": "34.231.214.86",
            "public_ipv4_pool": "amazon",
            "tags": {
              "Name": "dev-nateip"
            },
            "tags_all": {
              "Name": "dev-nateip"
            },
            "timeouts": null,
            "vpc": true
          },
          "sensitive_attributes": [],
          "private": "eyJlMmJmYjczMC1lY2FhLTExZTYtOGY4OC0zNDM2M2JjN2M0YzAiOnsiZGVsZXRlIjoxODAwMDAwMDAwMDAsInJlYWQiOjkwMDAwMDAwMDAwMCwidXBkYXRlIjozMDAwMDAwMDAwMDB9fQ=="
        }
      ]
    },
    {
      "mode": "managed",
      "type": "aws_instance",
      "name": "backend",
      "provider": "provider[\"registry.terraform.io/hashicorp/aws\"]",
      "instances": [
        {
          "schema_version": 1,
          "attributes": {
            "ami": "ami-053b0d53c279acc90",
            "arn": "arn:aws:ec2:us-east-1:419740680543:instance/i-06b52243f0696d10f",
            "associate_public_ip_address": false,
            "availability_zone": "us-east-1b",
            "capacity_reservation_specification": [
              {
                "capacity_reservation_preference": "open",
                "capacity_reservation_target": []
              }
            ],
            "cpu_core_count": 1,
            "cpu_options": [
              {
                "amd_sev_snp": "",
                "core_count": 1,
                "threads_per_core": 1
              }
            ],
            "cpu_threads_per_core": 1,
            "credit_specification": [
              {
                "cpu_credits": "standard"
              }
            ],
            "disable_api_stop": false,
            "disable_api_termination": false,
            "ebs_block_device": [],
            "ebs_optimized": false,
            "enclave_options": [
              {
                "enabled": false
              }
            ],
            "ephemeral_block_device": [],
            "get_password_data": false,
            "hibernation": false,
            "host_id": "",
            "host_resource_group_arn": null,
            "iam_instance_profile": "",
            "id": "i-06b52243f0696d10f",
            "instance_initiated_shutdown_behavior": "stop",
            "instance_state": "running",
            "instance_type": "t2.micro",
            "ipv6_address_count": 0,
            "ipv6_addresses": [],
            "key_name": "demo",
            "launch_template": [],
            "maintenance_options": [
              {
                "auto_recovery": "default"
              }
            ],
            "metadata_options": [
              {
                "http_endpoint": "enabled",
                "http_put_response_hop_limit": 1,
                "http_tokens": "optional",
                "instance_metadata_tags": "disabled"
              }
            ],
            "monitoring": false,
            "network_interface": [],
            "outpost_arn": "",
            "password_data": "",
            "placement_group": "",
            "placement_partition_number": 0,
            "primary_network_interface_id": "eni-0a3d1df82165811f7",
            "private_dns": "ip-10-1-4-41.ec2.internal",
            "private_dns_name_options": [
              {
                "enable_resource_name_dns_a_record": false,
                "enable_resource_name_dns_aaaa_record": false,
                "hostname_type": "ip-name"
              }
            ],
            "private_ip": "10.1.4.41",
            "public_dns": "",
            "public_ip": "",
            "root_block_device": [
              {
                "delete_on_termination": true,
                "device_name": "/dev/sda1",
                "encrypted": false,
                "iops": 100,
                "kms_key_id": "",
                "tags": {},
                "throughput": 0,
                "volume_id": "vol-093ef1c38efc9a2e1",
                "volume_size": 8,
                "volume_type": "gp2"
              }
            ],
            "secondary_private_ips": [],
            "security_groups": [],
            "source_dest_check": true,
            "subnet_id": "subnet-0f5c2f3c55953ef1f",
            "tags": {
              "Name": "dev-backend"
            },
            "tags_all": {
              "Name": "dev-backend"
            },
            "tenancy": "default",
            "timeouts": null,
            "user_data": null,
            "user_data_base64": null,
            "user_data_replace_on_change": false,
            "volume_tags": null,
            "vpc_security_group_ids": [
              "sg-0d274c785497ec903"
            ]
          },
          "sensitive_attributes": [],
          "private": "eyJlMmJmYjczMC1lY2FhLTExZTYtOGY4OC0zNDM2M2JjN2M0YzAiOnsiY3JlYXRlIjo2MDAwMDAwMDAwMDAsImRlbGV0ZSI6MTIwMDAwMDAwMDAwMCwidXBkYXRlIjo2MDAwMDAwMDAwMDB9LCJzY2hlbWFfdmVyc2lvbiI6IjEifQ==",
          "dependencies": [
            "aws_key_pair.demo",
            "aws_security_group.backend-sg",
            "aws_security_group.frontend",
            "aws_subnet.privsubnets",
            "aws_vpc.demo"
          ]
        }
      ]
    },
    {
      "mode": "managed",
      "type": "aws_instance",
      "name": "frontend",
      "provider": "provider[\"registry.terraform.io/hashicorp/aws\"]",
      "instances": [
        {
          "schema_version": 1,
          "attributes": {
            "ami": "ami-053b0d53c279acc90",
            "arn": "arn:aws:ec2:us-east-1:419740680543:instance/i-0650b5952bc6a3ae6",
            "associate_public_ip_address": true,
            "availability_zone": "us-east-1a",
            "capacity_reservation_specification": [
              {
                "capacity_reservation_preference": "open",
                "capacity_reservation_target": []
              }
            ],
            "cpu_core_count": 1,
            "cpu_options": [
              {
                "amd_sev_snp": "",
                "core_count": 1,
                "threads_per_core": 1
              }
            ],
            "cpu_threads_per_core": 1,
            "credit_specification": [
              {
                "cpu_credits": "standard"
              }
            ],
            "disable_api_stop": false,
            "disable_api_termination": false,
            "ebs_block_device": [],
            "ebs_optimized": false,
            "enclave_options": [
              {
                "enabled": false
              }
            ],
            "ephemeral_block_device": [],
            "get_password_data": false,
            "hibernation": false,
            "host_id": "",
            "host_resource_group_arn": null,
            "iam_instance_profile": "",
            "id": "i-0650b5952bc6a3ae6",
            "instance_initiated_shutdown_behavior": "stop",
            "instance_state": "running",
            "instance_type": "t2.micro",
            "ipv6_address_count": 0,
            "ipv6_addresses": [],
            "key_name": "demo",
            "launch_template": [],
            "maintenance_options": [
              {
                "auto_recovery": "default"
              }
            ],
            "metadata_options": [
              {
                "http_endpoint": "enabled",
                "http_put_response_hop_limit": 1,
                "http_tokens": "optional",
                "instance_metadata_tags": "disabled"
              }
            ],
            "monitoring": false,
            "network_interface": [],
            "outpost_arn": "",
            "password_data": "",
            "placement_group": "",
            "placement_partition_number": 0,
            "primary_network_interface_id": "eni-01b41f2169b53b03f",
            "private_dns": "ip-10-1-0-19.ec2.internal",
            "private_dns_name_options": [
              {
                "enable_resource_name_dns_a_record": false,
                "enable_resource_name_dns_aaaa_record": false,
                "hostname_type": "ip-name"
              }
            ],
            "private_ip": "10.1.0.19",
            "public_dns": "ec2-44-203-28-246.compute-1.amazonaws.com",
            "public_ip": "44.203.28.246",
            "root_block_device": [
              {
                "delete_on_termination": true,
                "device_name": "/dev/sda1",
                "encrypted": false,
                "iops": 100,
                "kms_key_id": "",
                "tags": {},
                "throughput": 0,
                "volume_id": "vol-0a1e69b0783121890",
                "volume_size": 8,
                "volume_type": "gp2"
              }
            ],
            "secondary_private_ips": [],
            "security_groups": [],
            "source_dest_check": true,
            "subnet_id": "subnet-08cc889db1c9e1190",
            "tags": {
              "Name": "dev-frontend"
            },
            "tags_all": {
              "Name": "dev-frontend"
            },
            "tenancy": "default",
            "timeouts": null,
            "user_data": null,
            "user_data_base64": null,
            "user_data_replace_on_change": false,
            "volume_tags": null,
            "vpc_security_group_ids": [
              "sg-02206c7d8909d95f7"
            ]
          },
          "sensitive_attributes": [],
          "private": "eyJlMmJmYjczMC1lY2FhLTExZTYtOGY4OC0zNDM2M2JjN2M0YzAiOnsiY3JlYXRlIjo2MDAwMDAwMDAwMDAsImRlbGV0ZSI6MTIwMDAwMDAwMDAwMCwidXBkYXRlIjo2MDAwMDAwMDAwMDB9LCJzY2hlbWFfdmVyc2lvbiI6IjEifQ==",
          "dependencies": [
            "aws_key_pair.demo",
            "aws_security_group.frontend",
            "aws_subnet.pubsubnets",
            "aws_vpc.demo"
          ]
        }
      ]
    },
    {
      "mode": "managed",
      "type": "aws_internet_gateway",
      "name": "gw",
      "provider": "provider[\"registry.terraform.io/hashicorp/aws\"]",
      "instances": [
        {
          "schema_version": 0,
          "attributes": {
            "arn": "arn:aws:ec2:us-east-1:419740680543:internet-gateway/igw-023278f28074a1830",
            "id": "igw-023278f28074a1830",
            "owner_id": "419740680543",
            "tags": {
              "Name": "dev-igw"
            },
            "tags_all": {
              "Name": "dev-igw"
            },
            "timeouts": null,
            "vpc_id": "vpc-06fc52902b5514f9d"
          },
          "sensitive_attributes": [],
          "private": "eyJlMmJmYjczMC1lY2FhLTExZTYtOGY4OC0zNDM2M2JjN2M0YzAiOnsiY3JlYXRlIjoxMjAwMDAwMDAwMDAwLCJkZWxldGUiOjEyMDAwMDAwMDAwMDAsInVwZGF0ZSI6MTIwMDAwMDAwMDAwMH19",
          "dependencies": [
            "aws_vpc.demo"
          ]
        }
      ]
    },
    {
      "mode": "managed",
      "type": "aws_key_pair",
      "name": "demo",
      "provider": "provider[\"registry.terraform.io/hashicorp/aws\"]",
      "instances": [
        {
          "schema_version": 1,
          "attributes": {
            "arn": "arn:aws:ec2:us-east-1:419740680543:key-pair/demo",
            "fingerprint": "51:fb:bb:9b:75:44:54:dd:b4:b5:ef:11:37:e3:22:41",
            "id": "demo",
            "key_name": "demo",
            "key_name_prefix": "",
            "key_pair_id": "key-0f563a3a9a64fc8e2",
            "key_type": "rsa",
            "public_key": "ssh-rsa AAAAB3NzaC1yc2EAAAADAQABAAABgQCWXmBRw1kJLqrvM467ws7OCpGEuB028Xd39x2FQxyueQ69BPJ73E3+yi9SFQGCUsXy/MwKkA0JswihUayrd4sLfs9YFvp97qgBDGXy5A0PNWVARP48LDROBGOw1IuVO0/LavibIVvOthGgeWZ5lkO5jPe76i42VQ+zeWdDFUbrHxQ3YqiBs1ZrLVVkhqGlFg6nuqk62Ac7o69zCogUU3nkiRHtAiAxBeF83uJA3+6BlrLMB2/6tnUYG/yRY4C876FxYpxuzW+tv2Xth0dw0mnkzYKzmYwSVsOrSmcDbNb0LUUmCAFyTdN0C7awda3rf2F9rp9Th+3v8OrZnHMbmXbm8+Nlv9awvskm/i0EblhMDzB4dYn7KPWee+hyI1oZ/I1scTADYCaqEuqYp8SPWbjrKuqdFbtGPDoFthaTKXk0WKGBjHneQPSL3mcqRd80LHrVxlZxC+EzaSWnKjcOtWweAAeIh1GSLaCKxohZUMCzdhsovBe0AzLWjLw5JqF2Ex8= b.magesh@FVFH83KZQ05N",
            "tags": {},
            "tags_all": {}
          },
          "sensitive_attributes": [],
          "private": "eyJzY2hlbWFfdmVyc2lvbiI6IjEifQ=="
        }
      ]
    },
    {
      "mode": "managed",
      "type": "aws_nat_gateway",
      "name": "natgw",
      "provider": "provider[\"registry.terraform.io/hashicorp/aws\"]",
      "instances": [
        {
          "schema_version": 0,
          "attributes": {
            "allocation_id": "eipalloc-094e85614f36b59ae",
            "association_id": "eipassoc-04cb5802adbbba64c",
            "connectivity_type": "public",
            "id": "nat-0657e1e3d5a9802a6",
            "network_interface_id": "eni-00262e5823ebf492d",
            "private_ip": "10.1.0.110",
            "public_ip": "34.231.214.86",
            "subnet_id": "subnet-08cc889db1c9e1190",
            "tags": {
              "Name": "dev-natgw"
            },
            "tags_all": {
              "Name": "dev-natgw"
            }
          },
          "sensitive_attributes": [],
          "private": "bnVsbA==",
          "dependencies": [
            "aws_eip.nateip",
            "aws_subnet.pubsubnets",
            "aws_vpc.demo"
          ]
        }
      ]
    },
    {
      "mode": "managed",
      "type": "aws_route_table",
      "name": "dataroute",
      "provider": "provider[\"registry.terraform.io/hashicorp/aws\"]",
      "instances": [
        {
          "schema_version": 0,
          "attributes": {
            "arn": "arn:aws:ec2:us-east-1:419740680543:route-table/rtb-041ebac9d1ffc80af",
            "id": "rtb-041ebac9d1ffc80af",
            "owner_id": "419740680543",
            "propagating_vgws": [],
            "route": [
              {
                "carrier_gateway_id": "",
                "cidr_block": "0.0.0.0/0",
                "core_network_arn": "",
                "destination_prefix_list_id": "",
                "egress_only_gateway_id": "",
                "gateway_id": "",
                "instance_id": "",
                "ipv6_cidr_block": "",
                "local_gateway_id": "",
                "nat_gateway_id": "nat-0657e1e3d5a9802a6",
                "network_interface_id": "",
                "transit_gateway_id": "",
                "vpc_endpoint_id": "",
                "vpc_peering_connection_id": ""
              }
            ],
            "tags": {
              "Name": "dev-dataroute"
            },
            "tags_all": {
              "Name": "dev-dataroute"
            },
            "timeouts": null,
            "vpc_id": "vpc-06fc52902b5514f9d"
          },
          "sensitive_attributes": [],
          "private": "eyJlMmJmYjczMC1lY2FhLTExZTYtOGY4OC0zNDM2M2JjN2M0YzAiOnsiY3JlYXRlIjozMDAwMDAwMDAwMDAsImRlbGV0ZSI6MzAwMDAwMDAwMDAwLCJ1cGRhdGUiOjEyMDAwMDAwMDAwMH19",
          "dependencies": [
            "aws_eip.nateip",
            "aws_nat_gateway.natgw",
            "aws_subnet.pubsubnets",
            "aws_vpc.demo"
          ]
        }
      ]
    },
    {
      "mode": "managed",
      "type": "aws_route_table",
      "name": "privateroute",
      "provider": "provider[\"registry.terraform.io/hashicorp/aws\"]",
      "instances": [
        {
          "schema_version": 0,
          "attributes": {
            "arn": "arn:aws:ec2:us-east-1:419740680543:route-table/rtb-0db0647968d4ac2d6",
            "id": "rtb-0db0647968d4ac2d6",
            "owner_id": "419740680543",
            "propagating_vgws": [],
            "route": [
              {
                "carrier_gateway_id": "",
                "cidr_block": "0.0.0.0/0",
                "core_network_arn": "",
                "destination_prefix_list_id": "",
                "egress_only_gateway_id": "",
                "gateway_id": "",
                "instance_id": "",
                "ipv6_cidr_block": "",
                "local_gateway_id": "",
                "nat_gateway_id": "nat-0657e1e3d5a9802a6",
                "network_interface_id": "",
                "transit_gateway_id": "",
                "vpc_endpoint_id": "",
                "vpc_peering_connection_id": ""
              }
            ],
            "tags": {
              "Name": "dev-privateroute"
            },
            "tags_all": {
              "Name": "dev-privateroute"
            },
            "timeouts": null,
            "vpc_id": "vpc-06fc52902b5514f9d"
          },
          "sensitive_attributes": [],
          "private": "eyJlMmJmYjczMC1lY2FhLTExZTYtOGY4OC0zNDM2M2JjN2M0YzAiOnsiY3JlYXRlIjozMDAwMDAwMDAwMDAsImRlbGV0ZSI6MzAwMDAwMDAwMDAwLCJ1cGRhdGUiOjEyMDAwMDAwMDAwMH19",
          "dependencies": [
            "aws_eip.nateip",
            "aws_nat_gateway.natgw",
            "aws_subnet.pubsubnets",
            "aws_vpc.demo"
          ]
        }
      ]
    },
    {
      "mode": "managed",
      "type": "aws_route_table",
      "name": "publicroute",
      "provider": "provider[\"registry.terraform.io/hashicorp/aws\"]",
      "instances": [
        {
          "schema_version": 0,
          "attributes": {
            "arn": "arn:aws:ec2:us-east-1:419740680543:route-table/rtb-07146feddb02b272c",
            "id": "rtb-07146feddb02b272c",
            "owner_id": "419740680543",
            "propagating_vgws": [],
            "route": [
              {
                "carrier_gateway_id": "",
                "cidr_block": "0.0.0.0/0",
                "core_network_arn": "",
                "destination_prefix_list_id": "",
                "egress_only_gateway_id": "",
                "gateway_id": "igw-023278f28074a1830",
                "instance_id": "",
                "ipv6_cidr_block": "",
                "local_gateway_id": "",
                "nat_gateway_id": "",
                "network_interface_id": "",
                "transit_gateway_id": "",
                "vpc_endpoint_id": "",
                "vpc_peering_connection_id": ""
              }
            ],
            "tags": {
              "Name": "dev-publicroute"
            },
            "tags_all": {
              "Name": "dev-publicroute"
            },
            "timeouts": null,
            "vpc_id": "vpc-06fc52902b5514f9d"
          },
          "sensitive_attributes": [],
          "private": "eyJlMmJmYjczMC1lY2FhLTExZTYtOGY4OC0zNDM2M2JjN2M0YzAiOnsiY3JlYXRlIjozMDAwMDAwMDAwMDAsImRlbGV0ZSI6MzAwMDAwMDAwMDAwLCJ1cGRhdGUiOjEyMDAwMDAwMDAwMH19",
          "dependencies": [
            "aws_internet_gateway.gw",
            "aws_vpc.demo"
          ]
        }
      ]
    },
    {
      "mode": "managed",
      "type": "aws_route_table_association",
      "name": "datasub-association",
      "provider": "provider[\"registry.terraform.io/hashicorp/aws\"]",
      "instances": [
        {
          "index_key": 0,
          "schema_version": 0,
          "attributes": {
            "gateway_id": "",
            "id": "rtbassoc-07a48d232ddde99db",
            "route_table_id": "rtb-041ebac9d1ffc80af",
            "subnet_id": "subnet-0e136989357a57205",
            "timeouts": null
          },
          "sensitive_attributes": [],
          "private": "eyJlMmJmYjczMC1lY2FhLTExZTYtOGY4OC0zNDM2M2JjN2M0YzAiOnsiY3JlYXRlIjozMDAwMDAwMDAwMDAsImRlbGV0ZSI6MzAwMDAwMDAwMDAwLCJ1cGRhdGUiOjEyMDAwMDAwMDAwMH19",
          "dependencies": [
            "aws_eip.nateip",
            "aws_nat_gateway.natgw",
            "aws_route_table.dataroute",
            "aws_subnet.datasubnets",
            "aws_subnet.pubsubnets",
            "aws_vpc.demo"
          ]
        },
        {
          "index_key": 1,
          "schema_version": 0,
          "attributes": {
            "gateway_id": "",
            "id": "rtbassoc-0945db1a37c4c5d91",
            "route_table_id": "rtb-041ebac9d1ffc80af",
            "subnet_id": "subnet-0dd15e2885c634836",
            "timeouts": null
          },
          "sensitive_attributes": [],
          "private": "eyJlMmJmYjczMC1lY2FhLTExZTYtOGY4OC0zNDM2M2JjN2M0YzAiOnsiY3JlYXRlIjozMDAwMDAwMDAwMDAsImRlbGV0ZSI6MzAwMDAwMDAwMDAwLCJ1cGRhdGUiOjEyMDAwMDAwMDAwMH19",
          "dependencies": [
            "aws_eip.nateip",
            "aws_nat_gateway.natgw",
            "aws_route_table.dataroute",
            "aws_subnet.datasubnets",
            "aws_subnet.pubsubnets",
            "aws_vpc.demo"
          ]
        },
        {
          "index_key": 2,
          "schema_version": 0,
          "attributes": {
            "gateway_id": "",
            "id": "rtbassoc-02f4138317883ea43",
            "route_table_id": "rtb-041ebac9d1ffc80af",
            "subnet_id": "subnet-0e004505c2563c404",
            "timeouts": null
          },
          "sensitive_attributes": [],
          "private": "eyJlMmJmYjczMC1lY2FhLTExZTYtOGY4OC0zNDM2M2JjN2M0YzAiOnsiY3JlYXRlIjozMDAwMDAwMDAwMDAsImRlbGV0ZSI6MzAwMDAwMDAwMDAwLCJ1cGRhdGUiOjEyMDAwMDAwMDAwMH19",
          "dependencies": [
            "aws_eip.nateip",
            "aws_nat_gateway.natgw",
            "aws_route_table.dataroute",
            "aws_subnet.datasubnets",
            "aws_subnet.pubsubnets",
            "aws_vpc.demo"
          ]
        }
      ]
    },
    {
      "mode": "managed",
      "type": "aws_route_table_association",
      "name": "privsub-association",
      "provider": "provider[\"registry.terraform.io/hashicorp/aws\"]",
      "instances": [
        {
          "index_key": 0,
          "schema_version": 0,
          "attributes": {
            "gateway_id": "",
            "id": "rtbassoc-0e0f87650df24a8b0",
            "route_table_id": "rtb-0db0647968d4ac2d6",
            "subnet_id": "subnet-025d4ed6ba51fb06c",
            "timeouts": null
          },
          "sensitive_attributes": [],
          "private": "eyJlMmJmYjczMC1lY2FhLTExZTYtOGY4OC0zNDM2M2JjN2M0YzAiOnsiY3JlYXRlIjozMDAwMDAwMDAwMDAsImRlbGV0ZSI6MzAwMDAwMDAwMDAwLCJ1cGRhdGUiOjEyMDAwMDAwMDAwMH19",
          "dependencies": [
            "aws_eip.nateip",
            "aws_nat_gateway.natgw",
            "aws_route_table.privateroute",
            "aws_subnet.privsubnets",
            "aws_subnet.pubsubnets",
            "aws_vpc.demo"
          ]
        },
        {
          "index_key": 1,
          "schema_version": 0,
          "attributes": {
            "gateway_id": "",
            "id": "rtbassoc-024e7383d521e5aff",
            "route_table_id": "rtb-0db0647968d4ac2d6",
            "subnet_id": "subnet-0f5c2f3c55953ef1f",
            "timeouts": null
          },
          "sensitive_attributes": [],
          "private": "eyJlMmJmYjczMC1lY2FhLTExZTYtOGY4OC0zNDM2M2JjN2M0YzAiOnsiY3JlYXRlIjozMDAwMDAwMDAwMDAsImRlbGV0ZSI6MzAwMDAwMDAwMDAwLCJ1cGRhdGUiOjEyMDAwMDAwMDAwMH19",
          "dependencies": [
            "aws_eip.nateip",
            "aws_nat_gateway.natgw",
            "aws_route_table.privateroute",
            "aws_subnet.privsubnets",
            "aws_subnet.pubsubnets",
            "aws_vpc.demo"
          ]
        },
        {
          "index_key": 2,
          "schema_version": 0,
          "attributes": {
            "gateway_id": "",
            "id": "rtbassoc-0c74ea0a7a2620c56",
            "route_table_id": "rtb-0db0647968d4ac2d6",
            "subnet_id": "subnet-0763daa60906013ba",
            "timeouts": null
          },
          "sensitive_attributes": [],
          "private": "eyJlMmJmYjczMC1lY2FhLTExZTYtOGY4OC0zNDM2M2JjN2M0YzAiOnsiY3JlYXRlIjozMDAwMDAwMDAwMDAsImRlbGV0ZSI6MzAwMDAwMDAwMDAwLCJ1cGRhdGUiOjEyMDAwMDAwMDAwMH19",
          "dependencies": [
            "aws_eip.nateip",
            "aws_nat_gateway.natgw",
            "aws_route_table.privateroute",
            "aws_subnet.privsubnets",
            "aws_subnet.pubsubnets",
            "aws_vpc.demo"
          ]
        }
      ]
    },
    {
      "mode": "managed",
      "type": "aws_route_table_association",
      "name": "pubsub-association",
      "provider": "provider[\"registry.terraform.io/hashicorp/aws\"]",
      "instances": [
        {
          "index_key": 0,
          "schema_version": 0,
          "attributes": {
            "gateway_id": "",
            "id": "rtbassoc-022e9f9e4d1820323",
            "route_table_id": "rtb-07146feddb02b272c",
            "subnet_id": "subnet-08cc889db1c9e1190",
            "timeouts": null
          },
          "sensitive_attributes": [],
          "private": "eyJlMmJmYjczMC1lY2FhLTExZTYtOGY4OC0zNDM2M2JjN2M0YzAiOnsiY3JlYXRlIjozMDAwMDAwMDAwMDAsImRlbGV0ZSI6MzAwMDAwMDAwMDAwLCJ1cGRhdGUiOjEyMDAwMDAwMDAwMH19",
          "dependencies": [
            "aws_internet_gateway.gw",
            "aws_route_table.publicroute",
            "aws_subnet.pubsubnets",
            "aws_vpc.demo"
          ]
        },
        {
          "index_key": 1,
          "schema_version": 0,
          "attributes": {
            "gateway_id": "",
            "id": "rtbassoc-02cc2070ad7f66df0",
            "route_table_id": "rtb-07146feddb02b272c",
            "subnet_id": "subnet-07ec274afc06dc32c",
            "timeouts": null
          },
          "sensitive_attributes": [],
          "private": "eyJlMmJmYjczMC1lY2FhLTExZTYtOGY4OC0zNDM2M2JjN2M0YzAiOnsiY3JlYXRlIjozMDAwMDAwMDAwMDAsImRlbGV0ZSI6MzAwMDAwMDAwMDAwLCJ1cGRhdGUiOjEyMDAwMDAwMDAwMH19",
          "dependencies": [
            "aws_internet_gateway.gw",
            "aws_route_table.publicroute",
            "aws_subnet.pubsubnets",
            "aws_vpc.demo"
          ]
        },
        {
          "index_key": 2,
          "schema_version": 0,
          "attributes": {
            "gateway_id": "",
            "id": "rtbassoc-0d3ab44224498e9af",
            "route_table_id": "rtb-07146feddb02b272c",
            "subnet_id": "subnet-0177ec129c2b1d2f7",
            "timeouts": null
          },
          "sensitive_attributes": [],
          "private": "eyJlMmJmYjczMC1lY2FhLTExZTYtOGY4OC0zNDM2M2JjN2M0YzAiOnsiY3JlYXRlIjozMDAwMDAwMDAwMDAsImRlbGV0ZSI6MzAwMDAwMDAwMDAwLCJ1cGRhdGUiOjEyMDAwMDAwMDAwMH19",
          "dependencies": [
            "aws_internet_gateway.gw",
            "aws_route_table.publicroute",
            "aws_subnet.pubsubnets",
            "aws_vpc.demo"
          ]
        }
      ]
    },
    {
      "mode": "managed",
      "type": "aws_security_group",
      "name": "backend-sg",
      "provider": "provider[\"registry.terraform.io/hashicorp/aws\"]",
      "instances": [
        {
          "schema_version": 1,
          "attributes": {
            "arn": "arn:aws:ec2:us-east-1:419740680543:security-group/sg-0d274c785497ec903",
            "description": "Allow http and ssh inbound traffic",
            "egress": [
              {
                "cidr_blocks": [
                  "0.0.0.0/0"
                ],
                "description": "",
                "from_port": 0,
                "ipv6_cidr_blocks": [
                  "::/0"
                ],
                "prefix_list_ids": [],
                "protocol": "-1",
                "security_groups": [],
                "self": false,
                "to_port": 0
              }
            ],
            "id": "sg-0d274c785497ec903",
            "ingress": [
              {
                "cidr_blocks": [],
                "description": "ssh from VPC",
                "from_port": 22,
                "ipv6_cidr_blocks": [],
                "prefix_list_ids": [],
                "protocol": "tcp",
                "security_groups": [
                  "sg-02206c7d8909d95f7"
                ],
                "self": false,
                "to_port": 22
              }
            ],
            "name": "backend-sg",
            "name_prefix": "",
            "owner_id": "419740680543",
            "revoke_rules_on_delete": false,
            "tags": {
              "Name": "dev-backend-sg"
            },
            "tags_all": {
              "Name": "dev-backend-sg"
            },
            "timeouts": null,
            "vpc_id": "vpc-06fc52902b5514f9d"
          },
          "sensitive_attributes": [],
          "private": "eyJlMmJmYjczMC1lY2FhLTExZTYtOGY4OC0zNDM2M2JjN2M0YzAiOnsiY3JlYXRlIjo2MDAwMDAwMDAwMDAsImRlbGV0ZSI6OTAwMDAwMDAwMDAwfSwic2NoZW1hX3ZlcnNpb24iOiIxIn0=",
          "dependencies": [
            "aws_security_group.frontend",
            "aws_vpc.demo"
          ]
        }
      ]
    },
    {
      "mode": "managed",
      "type": "aws_security_group",
      "name": "frontend",
      "provider": "provider[\"registry.terraform.io/hashicorp/aws\"]",
      "instances": [
        {
          "schema_version": 1,
          "attributes": {
            "arn": "arn:aws:ec2:us-east-1:419740680543:security-group/sg-02206c7d8909d95f7",
            "description": "Allow ssh inbound traffic",
            "egress": [
              {
                "cidr_blocks": [
                  "0.0.0.0/0"
                ],
                "description": "",
                "from_port": 0,
                "ipv6_cidr_blocks": [
                  "::/0"
                ],
                "prefix_list_ids": [],
                "protocol": "-1",
                "security_groups": [],
                "self": false,
                "to_port": 0
              }
            ],
            "id": "sg-02206c7d8909d95f7",
            "ingress": [
              {
                "cidr_blocks": [
                  "0.0.0.0/0"
                ],
                "description": "ssh from VPC",
                "from_port": 22,
                "ipv6_cidr_blocks": [],
                "prefix_list_ids": [],
                "protocol": "tcp",
                "security_groups": [],
                "self": false,
                "to_port": 22
              }
            ],
            "name": "frontend",
            "name_prefix": "",
            "owner_id": "419740680543",
            "revoke_rules_on_delete": false,
            "tags": {
              "Name": "dev-frontendsg"
            },
            "tags_all": {
              "Name": "dev-frontendsg"
            },
            "timeouts": null,
            "vpc_id": "vpc-06fc52902b5514f9d"
          },
          "sensitive_attributes": [],
          "private": "eyJlMmJmYjczMC1lY2FhLTExZTYtOGY4OC0zNDM2M2JjN2M0YzAiOnsiY3JlYXRlIjo2MDAwMDAwMDAwMDAsImRlbGV0ZSI6OTAwMDAwMDAwMDAwfSwic2NoZW1hX3ZlcnNpb24iOiIxIn0=",
          "dependencies": [
            "aws_vpc.demo"
          ]
        }
      ]
    },
    {
      "mode": "managed",
      "type": "aws_security_group",
      "name": "rds",
      "provider": "provider[\"registry.terraform.io/hashicorp/aws\"]",
      "instances": [
        {
          "schema_version": 1,
          "attributes": {
            "arn": "arn:aws:ec2:us-east-1:419740680543:security-group/sg-00c465fcb99fa5444",
            "description": "Allow 8080 and ssh inbound traffic",
            "egress": [
              {
                "cidr_blocks": [
                  "0.0.0.0/0"
                ],
                "description": "",
                "from_port": 0,
                "ipv6_cidr_blocks": [
                  "::/0"
                ],
                "prefix_list_ids": [],
                "protocol": "-1",
                "security_groups": [],
                "self": false,
                "to_port": 0
              }
            ],
            "id": "sg-00c465fcb99fa5444",
            "ingress": [
              {
                "cidr_blocks": [],
                "description": "ssh from VPC",
                "from_port": 3306,
                "ipv6_cidr_blocks": [],
                "prefix_list_ids": [],
                "protocol": "tcp",
                "security_groups": [
                  "sg-02206c7d8909d95f7"
                ],
                "self": false,
                "to_port": 3306
              },
              {
                "cidr_blocks": [],
                "description": "ssh from VPC",
                "from_port": 3306,
                "ipv6_cidr_blocks": [],
                "prefix_list_ids": [],
                "protocol": "tcp",
                "security_groups": [
                  "sg-0d274c785497ec903"
                ],
                "self": false,
                "to_port": 3306
              }
            ],
            "name": "rds",
            "name_prefix": "",
            "owner_id": "419740680543",
            "revoke_rules_on_delete": false,
            "tags": {
              "Name": "dev-rdssg"
            },
            "tags_all": {
              "Name": "dev-rdssg"
            },
            "timeouts": null,
            "vpc_id": "vpc-06fc52902b5514f9d"
          },
          "sensitive_attributes": [],
          "private": "eyJlMmJmYjczMC1lY2FhLTExZTYtOGY4OC0zNDM2M2JjN2M0YzAiOnsiY3JlYXRlIjo2MDAwMDAwMDAwMDAsImRlbGV0ZSI6OTAwMDAwMDAwMDAwfSwic2NoZW1hX3ZlcnNpb24iOiIxIn0=",
          "dependencies": [
            "aws_security_group.backend-sg",
            "aws_security_group.frontend",
            "aws_vpc.demo"
          ]
        }
      ]
    },
    {
      "mode": "managed",
      "type": "aws_subnet",
      "name": "datasubnets",
      "provider": "provider[\"registry.terraform.io/hashicorp/aws\"]",
      "instances": [
        {
          "index_key": 0,
          "schema_version": 1,
          "attributes": {
            "arn": "arn:aws:ec2:us-east-1:419740680543:subnet/subnet-0e136989357a57205",
            "assign_ipv6_address_on_creation": false,
            "availability_zone": "us-east-1a",
            "availability_zone_id": "use1-az1",
            "cidr_block": "10.1.6.0/24",
            "customer_owned_ipv4_pool": "",
            "enable_dns64": false,
            "enable_lni_at_device_index": 0,
            "enable_resource_name_dns_a_record_on_launch": false,
            "enable_resource_name_dns_aaaa_record_on_launch": false,
            "id": "subnet-0e136989357a57205",
            "ipv6_cidr_block": "",
            "ipv6_cidr_block_association_id": "",
            "ipv6_native": false,
            "map_customer_owned_ip_on_launch": false,
            "map_public_ip_on_launch": false,
            "outpost_arn": "",
            "owner_id": "419740680543",
            "private_dns_hostname_type_on_launch": "ip-name",
            "tags": {
              "Name": "dev-datasubnet-1"
            },
            "tags_all": {
              "Name": "dev-datasubnet-1"
            },
            "timeouts": null,
            "vpc_id": "vpc-06fc52902b5514f9d"
          },
          "sensitive_attributes": [],
          "private": "eyJlMmJmYjczMC1lY2FhLTExZTYtOGY4OC0zNDM2M2JjN2M0YzAiOnsiY3JlYXRlIjo2MDAwMDAwMDAwMDAsImRlbGV0ZSI6MTIwMDAwMDAwMDAwMH0sInNjaGVtYV92ZXJzaW9uIjoiMSJ9",
          "dependencies": [
            "aws_vpc.demo"
          ]
        },
        {
          "index_key": 1,
          "schema_version": 1,
          "attributes": {
            "arn": "arn:aws:ec2:us-east-1:419740680543:subnet/subnet-0dd15e2885c634836",
            "assign_ipv6_address_on_creation": false,
            "availability_zone": "us-east-1b",
            "availability_zone_id": "use1-az2",
            "cidr_block": "10.1.7.0/24",
            "customer_owned_ipv4_pool": "",
            "enable_dns64": false,
            "enable_lni_at_device_index": 0,
            "enable_resource_name_dns_a_record_on_launch": false,
            "enable_resource_name_dns_aaaa_record_on_launch": false,
            "id": "subnet-0dd15e2885c634836",
            "ipv6_cidr_block": "",
            "ipv6_cidr_block_association_id": "",
            "ipv6_native": false,
            "map_customer_owned_ip_on_launch": false,
            "map_public_ip_on_launch": false,
            "outpost_arn": "",
            "owner_id": "419740680543",
            "private_dns_hostname_type_on_launch": "ip-name",
            "tags": {
              "Name": "dev-datasubnet-2"
            },
            "tags_all": {
              "Name": "dev-datasubnet-2"
            },
            "timeouts": null,
            "vpc_id": "vpc-06fc52902b5514f9d"
          },
          "sensitive_attributes": [],
          "private": "eyJlMmJmYjczMC1lY2FhLTExZTYtOGY4OC0zNDM2M2JjN2M0YzAiOnsiY3JlYXRlIjo2MDAwMDAwMDAwMDAsImRlbGV0ZSI6MTIwMDAwMDAwMDAwMH0sInNjaGVtYV92ZXJzaW9uIjoiMSJ9",
          "dependencies": [
            "aws_vpc.demo"
          ]
        },
        {
          "index_key": 2,
          "schema_version": 1,
          "attributes": {
            "arn": "arn:aws:ec2:us-east-1:419740680543:subnet/subnet-0e004505c2563c404",
            "assign_ipv6_address_on_creation": false,
            "availability_zone": "us-east-1c",
            "availability_zone_id": "use1-az4",
            "cidr_block": "10.1.8.0/24",
            "customer_owned_ipv4_pool": "",
            "enable_dns64": false,
            "enable_lni_at_device_index": 0,
            "enable_resource_name_dns_a_record_on_launch": false,
            "enable_resource_name_dns_aaaa_record_on_launch": false,
            "id": "subnet-0e004505c2563c404",
            "ipv6_cidr_block": "",
            "ipv6_cidr_block_association_id": "",
            "ipv6_native": false,
            "map_customer_owned_ip_on_launch": false,
            "map_public_ip_on_launch": false,
            "outpost_arn": "",
            "owner_id": "419740680543",
            "private_dns_hostname_type_on_launch": "ip-name",
            "tags": {
              "Name": "dev-datasubnet-3"
            },
            "tags_all": {
              "Name": "dev-datasubnet-3"
            },
            "timeouts": null,
            "vpc_id": "vpc-06fc52902b5514f9d"
          },
          "sensitive_attributes": [],
          "private": "eyJlMmJmYjczMC1lY2FhLTExZTYtOGY4OC0zNDM2M2JjN2M0YzAiOnsiY3JlYXRlIjo2MDAwMDAwMDAwMDAsImRlbGV0ZSI6MTIwMDAwMDAwMDAwMH0sInNjaGVtYV92ZXJzaW9uIjoiMSJ9",
          "dependencies": [
            "aws_vpc.demo"
          ]
        }
      ]
    },
    {
      "mode": "managed",
      "type": "aws_subnet",
      "name": "privsubnets",
      "provider": "provider[\"registry.terraform.io/hashicorp/aws\"]",
      "instances": [
        {
          "index_key": 0,
          "schema_version": 1,
          "attributes": {
            "arn": "arn:aws:ec2:us-east-1:419740680543:subnet/subnet-025d4ed6ba51fb06c",
            "assign_ipv6_address_on_creation": false,
            "availability_zone": "us-east-1a",
            "availability_zone_id": "use1-az1",
            "cidr_block": "10.1.3.0/24",
            "customer_owned_ipv4_pool": "",
            "enable_dns64": false,
            "enable_lni_at_device_index": 0,
            "enable_resource_name_dns_a_record_on_launch": false,
            "enable_resource_name_dns_aaaa_record_on_launch": false,
            "id": "subnet-025d4ed6ba51fb06c",
            "ipv6_cidr_block": "",
            "ipv6_cidr_block_association_id": "",
            "ipv6_native": false,
            "map_customer_owned_ip_on_launch": false,
            "map_public_ip_on_launch": false,
            "outpost_arn": "",
            "owner_id": "419740680543",
            "private_dns_hostname_type_on_launch": "ip-name",
            "tags": {
              "Name": "dev-privatesub-1"
            },
            "tags_all": {
              "Name": "dev-privatesub-1"
            },
            "timeouts": null,
            "vpc_id": "vpc-06fc52902b5514f9d"
          },
          "sensitive_attributes": [],
          "private": "eyJlMmJmYjczMC1lY2FhLTExZTYtOGY4OC0zNDM2M2JjN2M0YzAiOnsiY3JlYXRlIjo2MDAwMDAwMDAwMDAsImRlbGV0ZSI6MTIwMDAwMDAwMDAwMH0sInNjaGVtYV92ZXJzaW9uIjoiMSJ9",
          "dependencies": [
            "aws_vpc.demo"
          ]
        },
        {
          "index_key": 1,
          "schema_version": 1,
          "attributes": {
            "arn": "arn:aws:ec2:us-east-1:419740680543:subnet/subnet-0f5c2f3c55953ef1f",
            "assign_ipv6_address_on_creation": false,
            "availability_zone": "us-east-1b",
            "availability_zone_id": "use1-az2",
            "cidr_block": "10.1.4.0/24",
            "customer_owned_ipv4_pool": "",
            "enable_dns64": false,
            "enable_lni_at_device_index": 0,
            "enable_resource_name_dns_a_record_on_launch": false,
            "enable_resource_name_dns_aaaa_record_on_launch": false,
            "id": "subnet-0f5c2f3c55953ef1f",
            "ipv6_cidr_block": "",
            "ipv6_cidr_block_association_id": "",
            "ipv6_native": false,
            "map_customer_owned_ip_on_launch": false,
            "map_public_ip_on_launch": false,
            "outpost_arn": "",
            "owner_id": "419740680543",
            "private_dns_hostname_type_on_launch": "ip-name",
            "tags": {
              "Name": "dev-privatesub-2"
            },
            "tags_all": {
              "Name": "dev-privatesub-2"
            },
            "timeouts": null,
            "vpc_id": "vpc-06fc52902b5514f9d"
          },
          "sensitive_attributes": [],
          "private": "eyJlMmJmYjczMC1lY2FhLTExZTYtOGY4OC0zNDM2M2JjN2M0YzAiOnsiY3JlYXRlIjo2MDAwMDAwMDAwMDAsImRlbGV0ZSI6MTIwMDAwMDAwMDAwMH0sInNjaGVtYV92ZXJzaW9uIjoiMSJ9",
          "dependencies": [
            "aws_vpc.demo"
          ]
        },
        {
          "index_key": 2,
          "schema_version": 1,
          "attributes": {
            "arn": "arn:aws:ec2:us-east-1:419740680543:subnet/subnet-0763daa60906013ba",
            "assign_ipv6_address_on_creation": false,
            "availability_zone": "us-east-1c",
            "availability_zone_id": "use1-az4",
            "cidr_block": "10.1.5.0/24",
            "customer_owned_ipv4_pool": "",
            "enable_dns64": false,
            "enable_lni_at_device_index": 0,
            "enable_resource_name_dns_a_record_on_launch": false,
            "enable_resource_name_dns_aaaa_record_on_launch": false,
            "id": "subnet-0763daa60906013ba",
            "ipv6_cidr_block": "",
            "ipv6_cidr_block_association_id": "",
            "ipv6_native": false,
            "map_customer_owned_ip_on_launch": false,
            "map_public_ip_on_launch": false,
            "outpost_arn": "",
            "owner_id": "419740680543",
            "private_dns_hostname_type_on_launch": "ip-name",
            "tags": {
              "Name": "dev-privatesub-3"
            },
            "tags_all": {
              "Name": "dev-privatesub-3"
            },
            "timeouts": null,
            "vpc_id": "vpc-06fc52902b5514f9d"
          },
          "sensitive_attributes": [],
          "private": "eyJlMmJmYjczMC1lY2FhLTExZTYtOGY4OC0zNDM2M2JjN2M0YzAiOnsiY3JlYXRlIjo2MDAwMDAwMDAwMDAsImRlbGV0ZSI6MTIwMDAwMDAwMDAwMH0sInNjaGVtYV92ZXJzaW9uIjoiMSJ9",
          "dependencies": [
            "aws_vpc.demo"
          ]
        }
      ]
    },
    {
      "mode": "managed",
      "type": "aws_subnet",
      "name": "pubsubnets",
      "provider": "provider[\"registry.terraform.io/hashicorp/aws\"]",
      "instances": [
        {
          "index_key": 0,
          "schema_version": 1,
          "attributes": {
            "arn": "arn:aws:ec2:us-east-1:419740680543:subnet/subnet-08cc889db1c9e1190",
            "assign_ipv6_address_on_creation": false,
            "availability_zone": "us-east-1a",
            "availability_zone_id": "use1-az1",
            "cidr_block": "10.1.0.0/24",
            "customer_owned_ipv4_pool": "",
            "enable_dns64": false,
            "enable_lni_at_device_index": 0,
            "enable_resource_name_dns_a_record_on_launch": false,
            "enable_resource_name_dns_aaaa_record_on_launch": false,
            "id": "subnet-08cc889db1c9e1190",
            "ipv6_cidr_block": "",
            "ipv6_cidr_block_association_id": "",
            "ipv6_native": false,
            "map_customer_owned_ip_on_launch": false,
            "map_public_ip_on_launch": true,
            "outpost_arn": "",
            "owner_id": "419740680543",
            "private_dns_hostname_type_on_launch": "ip-name",
            "tags": {
              "Name": "dev-pubsubnet-1"
            },
            "tags_all": {
              "Name": "dev-pubsubnet-1"
            },
            "timeouts": null,
            "vpc_id": "vpc-06fc52902b5514f9d"
          },
          "sensitive_attributes": [],
          "private": "eyJlMmJmYjczMC1lY2FhLTExZTYtOGY4OC0zNDM2M2JjN2M0YzAiOnsiY3JlYXRlIjo2MDAwMDAwMDAwMDAsImRlbGV0ZSI6MTIwMDAwMDAwMDAwMH0sInNjaGVtYV92ZXJzaW9uIjoiMSJ9",
          "dependencies": [
            "aws_vpc.demo"
          ]
        },
        {
          "index_key": 1,
          "schema_version": 1,
          "attributes": {
            "arn": "arn:aws:ec2:us-east-1:419740680543:subnet/subnet-07ec274afc06dc32c",
            "assign_ipv6_address_on_creation": false,
            "availability_zone": "us-east-1b",
            "availability_zone_id": "use1-az2",
            "cidr_block": "10.1.1.0/24",
            "customer_owned_ipv4_pool": "",
            "enable_dns64": false,
            "enable_lni_at_device_index": 0,
            "enable_resource_name_dns_a_record_on_launch": false,
            "enable_resource_name_dns_aaaa_record_on_launch": false,
            "id": "subnet-07ec274afc06dc32c",
            "ipv6_cidr_block": "",
            "ipv6_cidr_block_association_id": "",
            "ipv6_native": false,
            "map_customer_owned_ip_on_launch": false,
            "map_public_ip_on_launch": true,
            "outpost_arn": "",
            "owner_id": "419740680543",
            "private_dns_hostname_type_on_launch": "ip-name",
            "tags": {
              "Name": "dev-pubsubnet-2"
            },
            "tags_all": {
              "Name": "dev-pubsubnet-2"
            },
            "timeouts": null,
            "vpc_id": "vpc-06fc52902b5514f9d"
          },
          "sensitive_attributes": [],
          "private": "eyJlMmJmYjczMC1lY2FhLTExZTYtOGY4OC0zNDM2M2JjN2M0YzAiOnsiY3JlYXRlIjo2MDAwMDAwMDAwMDAsImRlbGV0ZSI6MTIwMDAwMDAwMDAwMH0sInNjaGVtYV92ZXJzaW9uIjoiMSJ9",
          "dependencies": [
            "aws_vpc.demo"
          ]
        },
        {
          "index_key": 2,
          "schema_version": 1,
          "attributes": {
            "arn": "arn:aws:ec2:us-east-1:419740680543:subnet/subnet-0177ec129c2b1d2f7",
            "assign_ipv6_address_on_creation": false,
            "availability_zone": "us-east-1c",
            "availability_zone_id": "use1-az4",
            "cidr_block": "10.1.2.0/24",
            "customer_owned_ipv4_pool": "",
            "enable_dns64": false,
            "enable_lni_at_device_index": 0,
            "enable_resource_name_dns_a_record_on_launch": false,
            "enable_resource_name_dns_aaaa_record_on_launch": false,
            "id": "subnet-0177ec129c2b1d2f7",
            "ipv6_cidr_block": "",
            "ipv6_cidr_block_association_id": "",
            "ipv6_native": false,
            "map_customer_owned_ip_on_launch": false,
            "map_public_ip_on_launch": true,
            "outpost_arn": "",
            "owner_id": "419740680543",
            "private_dns_hostname_type_on_launch": "ip-name",
            "tags": {
              "Name": "dev-pubsubnet-3"
            },
            "tags_all": {
              "Name": "dev-pubsubnet-3"
            },
            "timeouts": null,
            "vpc_id": "vpc-06fc52902b5514f9d"
          },
          "sensitive_attributes": [],
          "private": "eyJlMmJmYjczMC1lY2FhLTExZTYtOGY4OC0zNDM2M2JjN2M0YzAiOnsiY3JlYXRlIjo2MDAwMDAwMDAwMDAsImRlbGV0ZSI6MTIwMDAwMDAwMDAwMH0sInNjaGVtYV92ZXJzaW9uIjoiMSJ9",
          "dependencies": [
            "aws_vpc.demo"
          ]
        }
      ]
    },
    {
      "mode": "managed",
      "type": "aws_vpc",
      "name": "demo",
      "provider": "provider[\"registry.terraform.io/hashicorp/aws\"]",
      "instances": [
        {
          "schema_version": 1,
          "attributes": {
            "arn": "arn:aws:ec2:us-east-1:419740680543:vpc/vpc-06fc52902b5514f9d",
            "assign_generated_ipv6_cidr_block": false,
            "cidr_block": "10.1.0.0/16",
            "default_network_acl_id": "acl-0e0b9f504c9b57d0c",
            "default_route_table_id": "rtb-01bf32bfa5fa2de3e",
            "default_security_group_id": "sg-0b6acd1172fbe71f7",
            "dhcp_options_id": "dopt-0b5cfec1c5b93cb4c",
            "enable_classiclink": false,
            "enable_classiclink_dns_support": false,
            "enable_dns_hostnames": true,
            "enable_dns_support": true,
            "enable_network_address_usage_metrics": false,
            "id": "vpc-06fc52902b5514f9d",
            "instance_tenancy": "default",
            "ipv4_ipam_pool_id": null,
            "ipv4_netmask_length": null,
            "ipv6_association_id": "",
            "ipv6_cidr_block": "",
            "ipv6_cidr_block_network_border_group": "",
            "ipv6_ipam_pool_id": "",
            "ipv6_netmask_length": 0,
            "main_route_table_id": "rtb-01bf32bfa5fa2de3e",
            "owner_id": "419740680543",
            "tags": {
              "Name": "dev"
            },
            "tags_all": {
              "Name": "dev"
            }
          },
          "sensitive_attributes": [],
          "private": "eyJzY2hlbWFfdmVyc2lvbiI6IjEifQ=="
        }
      ]
    }
  ],
  "check_results": null
}
